{
  "requires": true,
  "lockfileVersion": 1,
  "dependencies": {
    "@types/lodash": {
      "version": "4.14.91",
      "resolved": "http://registry.npm.taobao.org/@types/lodash/download/@types/lodash-4.14.91.tgz",
      "integrity": "sha1-eUYRsoBW0WtUNgWcbYALOdVzzTo="
    },
    "lodash": {
      "version": "4.17.4",
      "resolved": "http://registry.npm.taobao.org/lodash/download/lodash-4.17.4.tgz",
      "integrity": "sha1-eCA6TRwyiuHYbcpkYONptX9AVa4="
    }
  }
}
